
Microsoft Visual Studio Solution File, Format Version 12.00
# Visual Studio Version 17
VisualStudioVersion = 17.11.35327.3
MinimumVisualStudioVersion = 10.0.40219.1
Project("{FAE04EC0-301F-11D3-BF4B-00C04F79EFBC}") = "Countdown", "Countdown\Countdown.csproj", "{4969F803-866B-4D2E-9DCF-8C15B5D8760C}"
EndProject
Global
	GlobalSection(SolutionConfigurationPlatforms) = preSolution
		Debug|Any CPU = Debug|Any CPU
		Release|Any CPU = Release|Any CPU
	EndGlobalSection
	GlobalSection(ProjectConfigurationPlatforms) = postSolution
		{4969F803-866B-4D2E-9DCF-8C15B5D8760C}.Debug|Any CPU.ActiveCfg = Debug|Any CPU
		{4969F803-866B-4D2E-9DCF-8C15B5D8760C}.Debug|Any CPU.Build.0 = Debug|Any CPU
		{4969F803-866B-4D2E-9DCF-8C15B5D8760C}.Release|Any CPU.ActiveCfg = Release|Any CPU
		{4969F803-866B-4D2E-9DCF-8C15B5D8760C}.Release|Any CPU.Build.0 = Release|Any CPU
	EndGlobalSection
	GlobalSection(SolutionProperties) = preSolution
		HideSolutionNode = FALSE
	EndGlobalSection
	GlobalSection(ExtensibilityGlobals) = postSolution
		SolutionGuid = {5A69D4A6-44A2-4134-AF2C-B79FE0E030F2}
	EndGlobalSection
EndGlobal
